
Microsoft Visual Studio Solution File, Format Version 12.00
# Visual Studio Version 17
VisualStudioVersion = 17.4.33122.133
MinimumVisualStudioVersion = 10.0.40219.1
Project("{FAE04EC0-301F-11D3-BF4B-00C04F79EFBC}") = "Pokemon2023", "Pokemon2023.csproj", "{099CE13B-A8CF-4ADD-94F7-5E33E3BAAAF0}"
EndProject
Global
	GlobalSection(SolutionConfigurationPlatforms) = preSolution
		Debug|Any CPU = Debug|Any CPU
		Release|Any CPU = Release|Any CPU
	EndGlobalSection
	GlobalSection(ProjectConfigurationPlatforms) = postSolution
		{099CE13B-A8CF-4ADD-94F7-5E33E3BAAAF0}.Debug|Any CPU.ActiveCfg = Debug|Any CPU
		{099CE13B-A8CF-4ADD-94F7-5E33E3BAAAF0}.Debug|Any CPU.Build.0 = Debug|Any CPU
		{099CE13B-A8CF-4ADD-94F7-5E33E3BAAAF0}.Release|Any CPU.ActiveCfg = Release|Any CPU
		{099CE13B-A8CF-4ADD-94F7-5E33E3BAAAF0}.Release|Any CPU.Build.0 = Release|Any CPU
	EndGlobalSection
	GlobalSection(SolutionProperties) = preSolution
		HideSolutionNode = FALSE
	EndGlobalSection
	GlobalSection(ExtensibilityGlobals) = postSolution
		SolutionGuid = {04DF28DD-C2B7-4DD3-9A59-A28A63472C0C}
	EndGlobalSection
EndGlobal
